
Microsoft Visual Studio Solution File, Format Version 12.00
Project("{FAE04EC0-301F-11D3-BF4B-00C04F79EFBC}") = "SparklerNet", "SparklerNet\SparklerNet.csproj", "{1DC676E4-8F66-4A94-A25B-101C20B67285}"
EndProject
Project("{FAE04EC0-301F-11D3-BF4B-00C04F79EFBC}") = "SparklerNet.Tests", "SparklerNet.Tests\SparklerNet.Tests.csproj", "{7D5D5C89-7B0E-4A8C-A9F1-72F2B4D9A173}"
EndProject
Project("{FAE04EC0-301F-11D3-BF4B-00C04F79EFBC}") = "SparklerNet.Samples", "SparklerNet.Samples\SparklerNet.Samples.csproj", "{BDC1BAE6-E958-457E-8C90-AB059E4D4EC6}"
EndProject
Global
	GlobalSection(SolutionConfigurationPlatforms) = preSolution
		Debug|Any CPU = Debug|Any CPU
		Release|Any CPU = Release|Any CPU
	EndGlobalSection
	GlobalSection(ProjectConfigurationPlatforms) = postSolution
		{1DC676E4-8F66-4A94-A25B-101C20B67285}.Debug|Any CPU.ActiveCfg = Debug|Any CPU
		{1DC676E4-8F66-4A94-A25B-101C20B67285}.Debug|Any CPU.Build.0 = Debug|Any CPU
		{1DC676E4-8F66-4A94-A25B-101C20B67285}.Release|Any CPU.ActiveCfg = Release|Any CPU
		{1DC676E4-8F66-4A94-A25B-101C20B67285}.Release|Any CPU.Build.0 = Release|Any CPU
		{7D5D5C89-7B0E-4A8C-A9F1-72F2B4D9A173}.Debug|Any CPU.ActiveCfg = Debug|Any CPU
		{7D5D5C89-7B0E-4A8C-A9F1-72F2B4D9A173}.Debug|Any CPU.Build.0 = Debug|Any CPU
		{7D5D5C89-7B0E-4A8C-A9F1-72F2B4D9A173}.Release|Any CPU.ActiveCfg = Release|Any CPU
		{7D5D5C89-7B0E-4A8C-A9F1-72F2B4D9A173}.Release|Any CPU.Build.0 = Release|Any CPU
		{BDC1BAE6-E958-457E-8C90-AB059E4D4EC6}.Debug|Any CPU.ActiveCfg = Debug|Any CPU
		{BDC1BAE6-E958-457E-8C90-AB059E4D4EC6}.Debug|Any CPU.Build.0 = Debug|Any CPU
		{BDC1BAE6-E958-457E-8C90-AB059E4D4EC6}.Release|Any CPU.ActiveCfg = Release|Any CPU
		{BDC1BAE6-E958-457E-8C90-AB059E4D4EC6}.Release|Any CPU.Build.0 = Release|Any CPU
	EndGlobalSection
EndGlobal
